
Microsoft Visual Studio Solution File, Format Version 12.00
# Visual Studio Version 17
VisualStudioVersion = 17.7.34202.233
MinimumVisualStudioVersion = 10.0.40219.1
Project("{FAE04EC0-301F-11D3-BF4B-00C04F79EFBC}") = "Library Management System", "Library Management System\Library Management System.csproj", "{741634C3-53FE-4741-9896-85D802FAD3E5}"
EndProject
Global
	GlobalSection(SolutionConfigurationPlatforms) = preSolution
		Debug|Any CPU = Debug|Any CPU
		Release|Any CPU = Release|Any CPU
	EndGlobalSection
	GlobalSection(ProjectConfigurationPlatforms) = postSolution
		{741634C3-53FE-4741-9896-85D802FAD3E5}.Debug|Any CPU.ActiveCfg = Debug|Any CPU
		{741634C3-53FE-4741-9896-85D802FAD3E5}.Debug|Any CPU.Build.0 = Debug|Any CPU
		{741634C3-53FE-4741-9896-85D802FAD3E5}.Release|Any CPU.ActiveCfg = Release|Any CPU
		{741634C3-53FE-4741-9896-85D802FAD3E5}.Release|Any CPU.Build.0 = Release|Any CPU
	EndGlobalSection
	GlobalSection(SolutionProperties) = preSolution
		HideSolutionNode = FALSE
	EndGlobalSection
	GlobalSection(ExtensibilityGlobals) = postSolution
		SolutionGuid = {AA71D4FB-4C63-44D3-ACF4-E04633850DCC}
	EndGlobalSection
EndGlobal
